github.com/Meshbits/shurli-server v0.0.0-20201006100329-aced8287893b h1:EwnigzpGMj5GdRolEj1gADfV5EI8LI+N0GPZcaeO7Po=
github.com/Meshbits/shurli-server v0.0.0-20201006100329-aced8287893b/go.mod h1:LU+9EQqQjAQYViYQu1SQCOYXA5VfKdqBhTAhk1kGKiE=
github.com/davecgh/go-spew v1.1.1 h1:vj9j/u1bqnvCEfJOwUhtlOARqs3+rkHYY13jYWTU97c=
github.com/davecgh/go-spew v1.1.1/go.mod h1:J7Y8YcW2NihsgmVo/mv3lAwl/skON4iLHjSsI+c5H38=
github.com/gorilla/mux v1.8.0 h1:i40aqfkR1h2SlN9hojwV5ZA91wcXFOvkdNIeFDP5koI=
github.com/gorilla/mux v1.8.0/go.mod h1:DVbg23sWSpFRCP0SfiEN6jmj59UnW/n46BH5rLB71So=
github.com/gorilla/websocket v1.4.2 h1:+/TMaTYc4QFitKJxsQ7Yye35DkWvkdLcvGKqM+x0Ufc=
github.com/gorilla/websocket v1.4.2/go.mod h1:YR8l580nyteQvAITg2hZ9XVh4b55+EU/adAjf1fMHhE=
github.com/satindergrewal/kmdgo v0.0.0-20201102225207-832365abf5e5 h1:VvAOJPeUWNeWH7J5vYJ73Syuq3wZblL38md18c4TtLk=
github.com/satindergrewal/kmdgo v0.0.0-20201102225207-832365abf5e5/go.mod h1:KAsmY24vdTFGm1nnqXJtU06iFDCFArY8SPB8QoX8GZo=
github.com/satindergrewal/saplinglib v0.0.0-20201002080829-40313190b6e9 h1:uD5oh5jUVNhfIglBGREdpXHCTGLD6lXUQzf+IJOWtgg=
github.com/satindergrewal/saplinglib v0.0.0-20201002080829-40313190b6e9/go.mod h1:CoAA95N22WRvOxF7o9kZSWTaz+EkyO/j/MYqFXNHLvo=
golang.org/x/crypto v0.0.0-20190308221718-c2843e01d9a2/go.mod h1:djNgcEr1/C05ACkg1iLfiJU5Ep61QUkGW8qpdssI0+w=
golang.org/x/crypto v0.0.0-20201217014255-9d1352758620 h1:3wPMTskHO3+O6jqTEXyFcsnuxMQOqYSaHsDxcbUXpqA=
golang.org/x/crypto v0.0.0-20201217014255-9d1352758620/go.mod h1:jdWPYTVW3xRLrWPugEBEK3UY2ZEsg3UU495nc5E+M+I=
golang.org/x/net v0.0.0-20190404232315-eb5bcb51f2a3/go.mod h1:t9HGtf8HONx5eT2rtn7q6eTqICYqUVnKs3thJo3Qplg=
golang.org/x/sys v0.0.0-20190215142949-d0b11bdaac8a/go.mod h1:STP8DvDyc/dI5b8T5hshtkjS+E42TnysNCUPdjciGhY=
golang.org/x/sys v0.0.0-20191026070338-33540a1f6037/go.mod h1:h1NjWce9XRLGQEsW7wpKNCjG9DtNlClVuFLEZdDNbEs=
golang.org/x/term v0.0.0-20201117132131-f5c789dd3221/go.mod h1:Nr5EML6q2oocZ2LXRh80K7BxOlk5/8JxuGnuhpl+muw=
golang.org/x/text v0.3.0/go.mod h1:NqM8EUOU14njkJ3fqMW+pc6Ldnwhi/IjpwHt7yyuwOQ=
